
Microsoft Visual Studio Solution File, Format Version 12.00
# Visual Studio 15
VisualStudioVersion = 15.0.28307.645
MinimumVisualStudioVersion = 10.0.40219.1
Project("{FAE04EC0-301F-11D3-BF4B-00C04F79EFBC}") = "ClassandObjects", "ClassandObjects\ClassandObjects.csproj", "{D90F95E1-3EEC-4D11-A7E2-1E74F8712DE5}"
EndProject
Project("{FAE04EC0-301F-11D3-BF4B-00C04F79EFBC}") = "PassByBValueAndRef", "PassByBValueAndRef\PassByBValueAndRef.csproj", "{28FDC659-FA27-4C4A-A6D0-AB03A386E525}"
EndProject
Project("{FAE04EC0-301F-11D3-BF4B-00C04F79EFBC}") = "DemoConstructor", "DemoConstructor\DemoConstructor.csproj", "{E7B510B9-A16D-4287-B6A3-055EC806878E}"
EndProject
Project("{FAE04EC0-301F-11D3-BF4B-00C04F79EFBC}") = "DemoMethodOverloading", "DemoMethodOverloading\DemoMethodOverloading.csproj", "{AE7631A4-B042-465B-A68E-BA77AC2CED6E}"
EndProject
Project("{FAE04EC0-301F-11D3-BF4B-00C04F79EFBC}") = "DemoSingleInheritance", "DemoSingleInheritance\DemoSingleInheritance.csproj", "{77ECE5B0-6845-4BBC-B7F6-38F419D0D78D}"
EndProject
Project("{FAE04EC0-301F-11D3-BF4B-00C04F79EFBC}") = "DemoStaticConstReadOnly", "DemoStaticConstReadOnly\DemoStaticConstReadOnly.csproj", "{4C40B6ED-1FC5-4C5F-9FEC-4686634CA1B1}"
EndProject
Project("{FAE04EC0-301F-11D3-BF4B-00C04F79EFBC}") = "Properties", "Properties\Properties.csproj", "{50DD920B-419B-4A37-8536-C440A9D70A49}"
EndProject
Project("{FAE04EC0-301F-11D3-BF4B-00C04F79EFBC}") = "DemoMethodHiding", "DemoMethodOverriding\DemoMethodHiding.csproj", "{A13A25C8-9F6F-4364-8B65-E1C3DED6F5DC}"
EndProject
Project("{FAE04EC0-301F-11D3-BF4B-00C04F79EFBC}") = "DemoMethodOverridings", "DemoMethodOverridings\DemoMethodOverridings.csproj", "{1CFE0142-B067-4D0A-8B7C-D1D783E7B5B5}"
EndProject
Project("{FAE04EC0-301F-11D3-BF4B-00C04F79EFBC}") = "DemoInterface", "DemoInterface\DemoInterface.csproj", "{1E62ECF9-4D68-4086-BDB0-CE9C7F3C6F90}"
EndProject
Project("{FAE04EC0-301F-11D3-BF4B-00C04F79EFBC}") = "DemoAbstractClass", "DemoAbstractClass\DemoAbstractClass.csproj", "{787F1206-8EFB-4705-B164-853E2FC8C436}"
EndProject
Project("{FAE04EC0-301F-11D3-BF4B-00C04F79EFBC}") = "DemoPartialClass", "PartialClass\DemoPartialClass.csproj", "{FD41CC1C-B513-403D-9639-4BCE048E27F4}"
EndProject
Project("{FAE04EC0-301F-11D3-BF4B-00C04F79EFBC}") = "WindowsPartial", "WindowsPartial\WindowsPartial.csproj", "{27929B41-B4D2-448F-B6FD-9EECFB277D29}"
EndProject
Global
	GlobalSection(SolutionConfigurationPlatforms) = preSolution
		Debug|Any CPU = Debug|Any CPU
		Release|Any CPU = Release|Any CPU
	EndGlobalSection
	GlobalSection(ProjectConfigurationPlatforms) = postSolution
		{D90F95E1-3EEC-4D11-A7E2-1E74F8712DE5}.Debug|Any CPU.ActiveCfg = Debug|Any CPU
		{D90F95E1-3EEC-4D11-A7E2-1E74F8712DE5}.Debug|Any CPU.Build.0 = Debug|Any CPU
		{D90F95E1-3EEC-4D11-A7E2-1E74F8712DE5}.Release|Any CPU.ActiveCfg = Release|Any CPU
		{D90F95E1-3EEC-4D11-A7E2-1E74F8712DE5}.Release|Any CPU.Build.0 = Release|Any CPU
		{28FDC659-FA27-4C4A-A6D0-AB03A386E525}.Debug|Any CPU.ActiveCfg = Debug|Any CPU
		{28FDC659-FA27-4C4A-A6D0-AB03A386E525}.Debug|Any CPU.Build.0 = Debug|Any CPU
		{28FDC659-FA27-4C4A-A6D0-AB03A386E525}.Release|Any CPU.ActiveCfg = Release|Any CPU
		{28FDC659-FA27-4C4A-A6D0-AB03A386E525}.Release|Any CPU.Build.0 = Release|Any CPU
		{E7B510B9-A16D-4287-B6A3-055EC806878E}.Debug|Any CPU.ActiveCfg = Debug|Any CPU
		{E7B510B9-A16D-4287-B6A3-055EC806878E}.Debug|Any CPU.Build.0 = Debug|Any CPU
		{E7B510B9-A16D-4287-B6A3-055EC806878E}.Release|Any CPU.ActiveCfg = Release|Any CPU
		{E7B510B9-A16D-4287-B6A3-055EC806878E}.Release|Any CPU.Build.0 = Release|Any CPU
		{AE7631A4-B042-465B-A68E-BA77AC2CED6E}.Debug|Any CPU.ActiveCfg = Debug|Any CPU
		{AE7631A4-B042-465B-A68E-BA77AC2CED6E}.Debug|Any CPU.Build.0 = Debug|Any CPU
		{AE7631A4-B042-465B-A68E-BA77AC2CED6E}.Release|Any CPU.ActiveCfg = Release|Any CPU
		{AE7631A4-B042-465B-A68E-BA77AC2CED6E}.Release|Any CPU.Build.0 = Release|Any CPU
		{77ECE5B0-6845-4BBC-B7F6-38F419D0D78D}.Debug|Any CPU.ActiveCfg = Debug|Any CPU
		{77ECE5B0-6845-4BBC-B7F6-38F419D0D78D}.Debug|Any CPU.Build.0 = Debug|Any CPU
		{77ECE5B0-6845-4BBC-B7F6-38F419D0D78D}.Release|Any CPU.ActiveCfg = Release|Any CPU
		{77ECE5B0-6845-4BBC-B7F6-38F419D0D78D}.Release|Any CPU.Build.0 = Release|Any CPU
		{4C40B6ED-1FC5-4C5F-9FEC-4686634CA1B1}.Debug|Any CPU.ActiveCfg = Debug|Any CPU
		{4C40B6ED-1FC5-4C5F-9FEC-4686634CA1B1}.Debug|Any CPU.Build.0 = Debug|Any CPU
		{4C40B6ED-1FC5-4C5F-9FEC-4686634CA1B1}.Release|Any CPU.ActiveCfg = Release|Any CPU
		{4C40B6ED-1FC5-4C5F-9FEC-4686634CA1B1}.Release|Any CPU.Build.0 = Release|Any CPU
		{50DD920B-419B-4A37-8536-C440A9D70A49}.Debug|Any CPU.ActiveCfg = Debug|Any CPU
		{50DD920B-419B-4A37-8536-C440A9D70A49}.Debug|Any CPU.Build.0 = Debug|Any CPU
		{50DD920B-419B-4A37-8536-C440A9D70A49}.Release|Any CPU.ActiveCfg = Release|Any CPU
		{50DD920B-419B-4A37-8536-C440A9D70A49}.Release|Any CPU.Build.0 = Release|Any CPU
		{A13A25C8-9F6F-4364-8B65-E1C3DED6F5DC}.Debug|Any CPU.ActiveCfg = Debug|Any CPU
		{A13A25C8-9F6F-4364-8B65-E1C3DED6F5DC}.Debug|Any CPU.Build.0 = Debug|Any CPU
		{A13A25C8-9F6F-4364-8B65-E1C3DED6F5DC}.Release|Any CPU.ActiveCfg = Release|Any CPU
		{A13A25C8-9F6F-4364-8B65-E1C3DED6F5DC}.Release|Any CPU.Build.0 = Release|Any CPU
		{1CFE0142-B067-4D0A-8B7C-D1D783E7B5B5}.Debug|Any CPU.ActiveCfg = Debug|Any CPU
		{1CFE0142-B067-4D0A-8B7C-D1D783E7B5B5}.Debug|Any CPU.Build.0 = Debug|Any CPU
		{1CFE0142-B067-4D0A-8B7C-D1D783E7B5B5}.Release|Any CPU.ActiveCfg = Release|Any CPU
		{1CFE0142-B067-4D0A-8B7C-D1D783E7B5B5}.Release|Any CPU.Build.0 = Release|Any CPU
		{1E62ECF9-4D68-4086-BDB0-CE9C7F3C6F90}.Debug|Any CPU.ActiveCfg = Debug|Any CPU
		{1E62ECF9-4D68-4086-BDB0-CE9C7F3C6F90}.Debug|Any CPU.Build.0 = Debug|Any CPU
		{1E62ECF9-4D68-4086-BDB0-CE9C7F3C6F90}.Release|Any CPU.ActiveCfg = Release|Any CPU
		{1E62ECF9-4D68-4086-BDB0-CE9C7F3C6F90}.Release|Any CPU.Build.0 = Release|Any CPU
		{787F1206-8EFB-4705-B164-853E2FC8C436}.Debug|Any CPU.ActiveCfg = Debug|Any CPU
		{787F1206-8EFB-4705-B164-853E2FC8C436}.Debug|Any CPU.Build.0 = Debug|Any CPU
		{787F1206-8EFB-4705-B164-853E2FC8C436}.Release|Any CPU.ActiveCfg = Release|Any CPU
		{787F1206-8EFB-4705-B164-853E2FC8C436}.Release|Any CPU.Build.0 = Release|Any CPU
		{FD41CC1C-B513-403D-9639-4BCE048E27F4}.Debug|Any CPU.ActiveCfg = Debug|Any CPU
		{FD41CC1C-B513-403D-9639-4BCE048E27F4}.Debug|Any CPU.Build.0 = Debug|Any CPU
		{FD41CC1C-B513-403D-9639-4BCE048E27F4}.Release|Any CPU.ActiveCfg = Release|Any CPU
		{FD41CC1C-B513-403D-9639-4BCE048E27F4}.Release|Any CPU.Build.0 = Release|Any CPU
		{27929B41-B4D2-448F-B6FD-9EECFB277D29}.Debug|Any CPU.ActiveCfg = Debug|Any CPU
		{27929B41-B4D2-448F-B6FD-9EECFB277D29}.Debug|Any CPU.Build.0 = Debug|Any CPU
		{27929B41-B4D2-448F-B6FD-9EECFB277D29}.Release|Any CPU.ActiveCfg = Release|Any CPU
		{27929B41-B4D2-448F-B6FD-9EECFB277D29}.Release|Any CPU.Build.0 = Release|Any CPU
	EndGlobalSection
	GlobalSection(SolutionProperties) = preSolution
		HideSolutionNode = FALSE
	EndGlobalSection
	GlobalSection(ExtensibilityGlobals) = postSolution
		SolutionGuid = {DB405808-6209-4595-B303-F10642E4CE92}
	EndGlobalSection
EndGlobal
